
Microsoft Visual Studio Solution File, Format Version 12.00
# Visual Studio Version 16
VisualStudioVersion = 16.0.30804.86
MinimumVisualStudioVersion = 10.0.40219.1
Project("{2150E333-8FDC-42A3-9474-1A3956D46DE8}") = "Services", "Services", "{0320FAEC-3383-46D4-82A8-992C2BD8FA94}"
EndProject
Project("{E53339B2-1760-4266-BCC7-CA923CBCF16C}") = "docker-compose", "docker-compose.dcproj", "{FEA0C318-FFED-4D39-8781-265718CA43DD}"
EndProject
Project("{9A19103F-16F7-4668-BE54-9A1E7A4F7556}") = "CMS.API", "Services\CMS\CMS.API\CMS.API.csproj", "{189D9691-002A-4BC2-AEB5-39F50BDCA388}"
EndProject
Project("{2150E333-8FDC-42A3-9474-1A3956D46DE8}") = "CMS", "CMS", "{9C7F7082-D89A-4C57-8D3F-D61269E5FC87}"
EndProject
Project("{2150E333-8FDC-42A3-9474-1A3956D46DE8}") = "tests", "tests", "{97BBA685-9431-4489-9902-D99311496C3E}"
EndProject
Project("{9A19103F-16F7-4668-BE54-9A1E7A4F7556}") = "CMS.UnitTests", "Services\CMS\CMS.UnitTests\CMS.UnitTests.csproj", "{9019AF49-8DD6-4BFA-8AC2-A6F29F1C9E34}"
EndProject
Project("{FAE04EC0-301F-11D3-BF4B-00C04F79EFBC}") = "CMS.FunctionalTests", "Services\CMS\CMS.FunctionalTests\CMS.FunctionalTests.csproj", "{88D3E9AD-6291-496E-B80B-21E3ECD80EEA}"
EndProject
Project("{FAE04EC0-301F-11D3-BF4B-00C04F79EFBC}") = "CMS.Agent", "Services\CMS\CMS.Agent\CMS.Agent.csproj", "{7F07AFAD-FC53-45DE-AAE9-66B587F01838}"
EndProject
Project("{FAE04EC0-301F-11D3-BF4B-00C04F79EFBC}") = "CMS.Shared", "Services\CMS\CMS.Shared\CMS.Shared.csproj", "{683EE7FD-0DFC-44B6-BE39-BD4AA1568217}"
EndProject
Global
	GlobalSection(SolutionConfigurationPlatforms) = preSolution
		Debug|Any CPU = Debug|Any CPU
		Release|Any CPU = Release|Any CPU
	EndGlobalSection
	GlobalSection(ProjectConfigurationPlatforms) = postSolution
		{FEA0C318-FFED-4D39-8781-265718CA43DD}.Debug|Any CPU.ActiveCfg = Debug|Any CPU
		{FEA0C318-FFED-4D39-8781-265718CA43DD}.Debug|Any CPU.Build.0 = Debug|Any CPU
		{FEA0C318-FFED-4D39-8781-265718CA43DD}.Release|Any CPU.ActiveCfg = Release|Any CPU
		{FEA0C318-FFED-4D39-8781-265718CA43DD}.Release|Any CPU.Build.0 = Release|Any CPU
		{189D9691-002A-4BC2-AEB5-39F50BDCA388}.Debug|Any CPU.ActiveCfg = Debug|Any CPU
		{189D9691-002A-4BC2-AEB5-39F50BDCA388}.Debug|Any CPU.Build.0 = Debug|Any CPU
		{189D9691-002A-4BC2-AEB5-39F50BDCA388}.Release|Any CPU.ActiveCfg = Release|Any CPU
		{189D9691-002A-4BC2-AEB5-39F50BDCA388}.Release|Any CPU.Build.0 = Release|Any CPU
		{9019AF49-8DD6-4BFA-8AC2-A6F29F1C9E34}.Debug|Any CPU.ActiveCfg = Debug|Any CPU
		{9019AF49-8DD6-4BFA-8AC2-A6F29F1C9E34}.Debug|Any CPU.Build.0 = Debug|Any CPU
		{9019AF49-8DD6-4BFA-8AC2-A6F29F1C9E34}.Release|Any CPU.ActiveCfg = Release|Any CPU
		{9019AF49-8DD6-4BFA-8AC2-A6F29F1C9E34}.Release|Any CPU.Build.0 = Release|Any CPU
		{88D3E9AD-6291-496E-B80B-21E3ECD80EEA}.Debug|Any CPU.ActiveCfg = Debug|Any CPU
		{88D3E9AD-6291-496E-B80B-21E3ECD80EEA}.Debug|Any CPU.Build.0 = Debug|Any CPU
		{88D3E9AD-6291-496E-B80B-21E3ECD80EEA}.Release|Any CPU.ActiveCfg = Release|Any CPU
		{88D3E9AD-6291-496E-B80B-21E3ECD80EEA}.Release|Any CPU.Build.0 = Release|Any CPU
		{7F07AFAD-FC53-45DE-AAE9-66B587F01838}.Debug|Any CPU.ActiveCfg = Debug|Any CPU
		{7F07AFAD-FC53-45DE-AAE9-66B587F01838}.Debug|Any CPU.Build.0 = Debug|Any CPU
		{7F07AFAD-FC53-45DE-AAE9-66B587F01838}.Release|Any CPU.ActiveCfg = Release|Any CPU
		{7F07AFAD-FC53-45DE-AAE9-66B587F01838}.Release|Any CPU.Build.0 = Release|Any CPU
		{683EE7FD-0DFC-44B6-BE39-BD4AA1568217}.Debug|Any CPU.ActiveCfg = Debug|Any CPU
		{683EE7FD-0DFC-44B6-BE39-BD4AA1568217}.Debug|Any CPU.Build.0 = Debug|Any CPU
		{683EE7FD-0DFC-44B6-BE39-BD4AA1568217}.Release|Any CPU.ActiveCfg = Release|Any CPU
		{683EE7FD-0DFC-44B6-BE39-BD4AA1568217}.Release|Any CPU.Build.0 = Release|Any CPU
	EndGlobalSection
	GlobalSection(SolutionProperties) = preSolution
		HideSolutionNode = FALSE
	EndGlobalSection
	GlobalSection(NestedProjects) = preSolution
		{189D9691-002A-4BC2-AEB5-39F50BDCA388} = {9C7F7082-D89A-4C57-8D3F-D61269E5FC87}
		{9C7F7082-D89A-4C57-8D3F-D61269E5FC87} = {0320FAEC-3383-46D4-82A8-992C2BD8FA94}
		{97BBA685-9431-4489-9902-D99311496C3E} = {9C7F7082-D89A-4C57-8D3F-D61269E5FC87}
		{9019AF49-8DD6-4BFA-8AC2-A6F29F1C9E34} = {97BBA685-9431-4489-9902-D99311496C3E}
		{88D3E9AD-6291-496E-B80B-21E3ECD80EEA} = {97BBA685-9431-4489-9902-D99311496C3E}
		{7F07AFAD-FC53-45DE-AAE9-66B587F01838} = {9C7F7082-D89A-4C57-8D3F-D61269E5FC87}
		{683EE7FD-0DFC-44B6-BE39-BD4AA1568217} = {9C7F7082-D89A-4C57-8D3F-D61269E5FC87}
	EndGlobalSection
	GlobalSection(ExtensibilityGlobals) = postSolution
		SolutionGuid = {7EFF9A0E-3E79-41F2-848C-D94EFDC85CB7}
	EndGlobalSection
EndGlobal
